// !$*UTF8*$!
{
	archiveVersion = 1;
	classes = {
	};
	objectVersion = 46;
	objects = {

/* Begin PBXBuildFile section */
		CE1884801DDA871D0051E7F7 /* ArticleSearchVC.swift in Sources */ = {isa = PBXBuildFile; fileRef = CE18847F1DDA871D0051E7F7 /* ArticleSearchVC.swift */; };
		CE1884821DDA8BC30051E7F7 /* ArticleCell.swift in Sources */ = {isa = PBXBuildFile; fileRef = CE1884811DDA8BC30051E7F7 /* ArticleCell.swift */; };
		CE1884841DDA8D470051E7F7 /* ArticleItem.swift in Sources */ = {isa = PBXBuildFile; fileRef = CE1884831DDA8D470051E7F7 /* ArticleItem.swift */; };
		CE1884861DDAB4730051E7F7 /* ArticleVC.swift in Sources */ = {isa = PBXBuildFile; fileRef = CE1884851DDAB4730051E7F7 /* ArticleVC.swift */; };
		CE1884881DDAC91D0051E7F7 /* SourcesVC.swift in Sources */ = {isa = PBXBuildFile; fileRef = CE1884871DDAC91D0051E7F7 /* SourcesVC.swift */; };
		CE88C8111DD71F6900DE8362 /* AppDelegate.swift in Sources */ = {isa = PBXBuildFile; fileRef = CE88C8101DD71F6900DE8362 /* AppDelegate.swift */; };
		CE88C8161DD71F6900DE8362 /* Main.storyboard in Resources */ = {isa = PBXBuildFile; fileRef = CE88C8141DD71F6900DE8362 /* Main.storyboard */; };
		CE88C8181DD71F6900DE8362 /* Assets.xcassets in Resources */ = {isa = PBXBuildFile; fileRef = CE88C8171DD71F6900DE8362 /* Assets.xcassets */; };
		CE88C81B1DD71F6900DE8362 /* LaunchScreen.storyboard in Resources */ = {isa = PBXBuildFile; fileRef = CE88C8191DD71F6900DE8362 /* LaunchScreen.storyboard */; };
		CE88C8251DD7585A00DE8362 /* Constants.swift in Sources */ = {isa = PBXBuildFile; fileRef = CE88C8241DD7585A00DE8362 /* Constants.swift */; };
		CEFF7DD31DD86CD400EE282D /* SourceCell.swift in Sources */ = {isa = PBXBuildFile; fileRef = CEFF7DD21DD86CD400EE282D /* SourceCell.swift */; };
		CEFF7DD51DD8736600EE282D /* SourceItem.swift in Sources */ = {isa = PBXBuildFile; fileRef = CEFF7DD41DD8736600EE282D /* SourceItem.swift */; };
		CEFF7DD91DD873EF00EE282D /* MaterialView.swift in Sources */ = {isa = PBXBuildFile; fileRef = CEFF7DD81DD873EF00EE282D /* MaterialView.swift */; };
/* End PBXBuildFile section */

/* Begin PBXFileReference section */
		CE18847F1DDA871D0051E7F7 /* ArticleSearchVC.swift */ = {isa = PBXFileReference; fileEncoding = 4; lastKnownFileType = sourcecode.swift; path = ArticleSearchVC.swift; sourceTree = "<group>"; };
		CE1884811DDA8BC30051E7F7 /* ArticleCell.swift */ = {isa = PBXFileReference; fileEncoding = 4; lastKnownFileType = sourcecode.swift; path = ArticleCell.swift; sourceTree = "<group>"; };
		CE1884831DDA8D470051E7F7 /* ArticleItem.swift */ = {isa = PBXFileReference; fileEncoding = 4; lastKnownFileType = sourcecode.swift; path = ArticleItem.swift; sourceTree = "<group>"; };
		CE1884851DDAB4730051E7F7 /* ArticleVC.swift */ = {isa = PBXFileReference; fileEncoding = 4; lastKnownFileType = sourcecode.swift; path = ArticleVC.swift; sourceTree = "<group>"; };
		CE1884871DDAC91D0051E7F7 /* SourcesVC.swift */ = {isa = PBXFileReference; fileEncoding = 4; lastKnownFileType = sourcecode.swift; path = SourcesVC.swift; sourceTree = "<group>"; };
		CE88C80D1DD71F6900DE8362 /* AGNewsApi.app */ = {isa = PBXFileReference; explicitFileType = wrapper.application; includeInIndex = 0; path = AGNewsApi.app; sourceTree = BUILT_PRODUCTS_DIR; };
		CE88C8101DD71F6900DE8362 /* AppDelegate.swift */ = {isa = PBXFileReference; lastKnownFileType = sourcecode.swift; path = AppDelegate.swift; sourceTree = "<group>"; };
		CE88C8151DD71F6900DE8362 /* Base */ = {isa = PBXFileReference; lastKnownFileType = file.storyboard; name = Base; path = Base.lproj/Main.storyboard; sourceTree = "<group>"; };
		CE88C8171DD71F6900DE8362 /* Assets.xcassets */ = {isa = PBXFileReference; lastKnownFileType = folder.assetcatalog; path = Assets.xcassets; sourceTree = "<group>"; };
		CE88C81A1DD71F6900DE8362 /* Base */ = {isa = PBXFileReference; lastKnownFileType = file.storyboard; name = Base; path = Base.lproj/LaunchScreen.storyboard; sourceTree = "<group>"; };
		CE88C81C1DD71F6900DE8362 /* Info.plist */ = {isa = PBXFileReference; lastKnownFileType = text.plist.xml; path = Info.plist; sourceTree = "<group>"; };
		CE88C8241DD7585A00DE8362 /* Constants.swift */ = {isa = PBXFileReference; fileEncoding = 4; lastKnownFileType = sourcecode.swift; path = Constants.swift; sourceTree = "<group>"; };
		CEFF7DD21DD86CD400EE282D /* SourceCell.swift */ = {isa = PBXFileReference; fileEncoding = 4; lastKnownFileType = sourcecode.swift; path = SourceCell.swift; sourceTree = "<group>"; };
		CEFF7DD41DD8736600EE282D /* SourceItem.swift */ = {isa = PBXFileReference; fileEncoding = 4; lastKnownFileType = sourcecode.swift; path = SourceItem.swift; sourceTree = "<group>"; };
		CEFF7DD81DD873EF00EE282D /* MaterialView.swift */ = {isa = PBXFileReference; fileEncoding = 4; lastKnownFileType = sourcecode.swift; path = MaterialView.swift; sourceTree = "<group>"; };
/* End PBXFileReference section */

/* Begin PBXFrameworksBuildPhase section */
		CE88C80A1DD71F6700DE8362 /* Frameworks */ = {
			isa = PBXFrameworksBuildPhase;
			buildActionMask = 2147483647;
			files = (
			);
			runOnlyForDeploymentPostprocessing = 0;
		};
/* End PBXFrameworksBuildPhase section */

/* Begin PBXGroup section */
		CE18847E1DDA86EB0051E7F7 /* Controllers */ = {
			isa = PBXGroup;
			children = (
				CE18847F1DDA871D0051E7F7 /* ArticleSearchVC.swift */,
				CE1884851DDAB4730051E7F7 /* ArticleVC.swift */,
				CE1884871DDAC91D0051E7F7 /* SourcesVC.swift */,
			);
			name = Controllers;
			sourceTree = "<group>";
		};
		CE88C8041DD71F6700DE8362 = {
			isa = PBXGroup;
			children = (
				CE88C80F1DD71F6900DE8362 /* AGNewsApi */,
				CE88C80E1DD71F6900DE8362 /* Products */,
			);
			sourceTree = "<group>";
		};
		CE88C80E1DD71F6900DE8362 /* Products */ = {
			isa = PBXGroup;
			children = (
				CE88C80D1DD71F6900DE8362 /* AGNewsApi.app */,
			);
			name = Products;
			sourceTree = "<group>";
		};
		CE88C80F1DD71F6900DE8362 /* AGNewsApi */ = {
			isa = PBXGroup;
			children = (
				CE18847E1DDA86EB0051E7F7 /* Controllers */,
				CEFF7DD11DD86C6300EE282D /* Cell */,
				CE88C8101DD71F6900DE8362 /* AppDelegate.swift */,
				CE88C8141DD71F6900DE8362 /* Main.storyboard */,
				CE88C8171DD71F6900DE8362 /* Assets.xcassets */,
				CE88C8191DD71F6900DE8362 /* LaunchScreen.storyboard */,
				CE88C81C1DD71F6900DE8362 /* Info.plist */,
				CE88C8241DD7585A00DE8362 /* Constants.swift */,
				CE1884831DDA8D470051E7F7 /* ArticleItem.swift */,
				CEFF7DD41DD8736600EE282D /* SourceItem.swift */,
				CEFF7DD81DD873EF00EE282D /* MaterialView.swift */,
			);
			path = AGNewsApi;
			sourceTree = "<group>";
		};
		CEFF7DD11DD86C6300EE282D /* Cell */ = {
			isa = PBXGroup;
			children = (
				CEFF7DD21DD86CD400EE282D /* SourceCell.swift */,
				CE1884811DDA8BC30051E7F7 /* ArticleCell.swift */,
			);
			name = Cell;
			sourceTree = "<group>";
		};
/* End PBXGroup section */

/* Begin PBXNativeTarget section */
		CE88C80C1DD71F6700DE8362 /* AGNewsApi */ = {
			isa = PBXNativeTarget;
			buildConfigurationList = CE88C81F1DD71F6900DE8362 /* Build configuration list for PBXNativeTarget "AGNewsApi" */;
			buildPhases = (
				CE88C8091DD71F6700DE8362 /* Sources */,
				CE88C80A1DD71F6700DE8362 /* Frameworks */,
				CE88C80B1DD71F6700DE8362 /* Resources */,
			);
			buildRules = (
			);
			dependencies = (
			);
			name = AGNewsApi;
			productName = AGNewsApi;
			productReference = CE88C80D1DD71F6900DE8362 /* AGNewsApi.app */;
			productType = "com.apple.product-type.application";
		};
/* End PBXNativeTarget section */

/* Begin PBXProject section */
		CE88C8051DD71F6700DE8362 /* Project object */ = {
			isa = PBXProject;
			attributes = {
				LastSwiftUpdateCheck = 0820;
				LastUpgradeCheck = 0820;
				ORGANIZATIONNAME = AG;
				TargetAttributes = {
					CE88C80C1DD71F6700DE8362 = {
						CreatedOnToolsVersion = 8.2;
						LastSwiftMigration = 0820;
						ProvisioningStyle = Automatic;
					};
				};
			};
			buildConfigurationList = CE88C8081DD71F6700DE8362 /* Build configuration list for PBXProject "AGNewsApi" */;
			compatibilityVersion = "Xcode 3.2";
			developmentRegion = English;
			hasScannedForEncodings = 0;
			knownRegions = (
				en,
				Base,
			);
			mainGroup = CE88C8041DD71F6700DE8362;
			productRefGroup = CE88C80E1DD71F6900DE8362 /* Products */;
			projectDirPath = "";
			projectRoot = "";
			targets = (
				CE88C80C1DD71F6700DE8362 /* AGNewsApi */,
			);
		};
/* End PBXProject section */

/* Begin PBXResourcesBuildPhase section */
		CE88C80B1DD71F6700DE8362 /* Resources */ = {
			isa = PBXResourcesBuildPhase;
			buildActionMask = 2147483647;
			files = (
				CE88C81B1DD71F6900DE8362 /* LaunchScreen.storyboard in Resources */,
				CE88C8181DD71F6900DE8362 /* Assets.xcassets in Resources */,
				CE88C8161DD71F6900DE8362 /* Main.storyboard in Resources */,
			);
			runOnlyForDeploymentPostprocessing = 0;
		};
/* End PBXResourcesBuildPhase section */

/* Begin PBXSourcesBuildPhase section */
		CE88C8091DD71F6700DE8362 /* Sources */ = {
			isa = PBXSourcesBuildPhase;
			buildActionMask = 2147483647;
			files = (
				CE1884821DDA8BC30051E7F7 /* ArticleCell.swift in Sources */,
				CEFF7DD31DD86CD400EE282D /* SourceCell.swift in Sources */,
				CE1884841DDA8D470051E7F7 /* ArticleItem.swift in Sources */,
				CE1884801DDA871D0051E7F7 /* ArticleSearchVC.swift in Sources */,
				CEFF7DD51DD8736600EE282D /* SourceItem.swift in Sources */,
				CE1884881DDAC91D0051E7F7 /* SourcesVC.swift in Sources */,
				CEFF7DD91DD873EF00EE282D /* MaterialView.swift in Sources */,
				CE88C8111DD71F6900DE8362 /* AppDelegate.swift in Sources */,
				CE88C8251DD7585A00DE8362 /* Constants.swift in Sources */,
				CE1884861DDAB4730051E7F7 /* ArticleVC.swift in Sources */,
			);
			runOnlyForDeploymentPostprocessing = 0;
		};
/* End PBXSourcesBuildPhase section */

/* Begin PBXVariantGroup section */
		CE88C8141DD71F6900DE8362 /* Main.storyboard */ = {
			isa = PBXVariantGroup;
			children = (
				CE88C8151DD71F6900DE8362 /* Base */,
			);
			name = Main.storyboard;
			sourceTree = "<group>";
		};
		CE88C8191DD71F6900DE8362 /* LaunchScreen.storyboard */ = {
			isa = PBXVariantGroup;
			children = (
				CE88C81A1DD71F6900DE8362 /* Base */,
			);
			name = LaunchScreen.storyboard;
			sourceTree = "<group>";
		};
/* End PBXVariantGroup section */

/* Begin XCBuildConfiguration section */
		CE88C81D1DD71F6900DE8362 /* Debug */ = {
			isa = XCBuildConfiguration;
			buildSettings = {
				ALWAYS_SEARCH_USER_PATHS = NO;
				CLANG_ANALYZER_NONNULL = YES;
				CLANG_CXX_LANGUAGE_STANDARD = "gnu++0x";
				CLANG_CXX_LIBRARY = "libc++";
				CLANG_ENABLE_MODULES = YES;
				CLANG_ENABLE_OBJC_ARC = YES;
				CLANG_WARN_BOOL_CONVERSION = YES;
				CLANG_WARN_CONSTANT_CONVERSION = YES;
				CLANG_WARN_DIRECT_OBJC_ISA_USAGE = YES_ERROR;
				CLANG_WARN_DOCUMENTATION_COMMENTS = YES;
				CLANG_WARN_EMPTY_BODY = YES;
				CLANG_WARN_ENUM_CONVERSION = YES;
				CLANG_WARN_INFINITE_RECURSION = YES;
				CLANG_WARN_INT_CONVERSION = YES;
				CLANG_WARN_OBJC_ROOT_CLASS = YES_ERROR;
				CLANG_WARN_SUSPICIOUS_MOVE = YES;
				CLANG_WARN_UNREACHABLE_CODE = YES;
				CLANG_WARN__DUPLICATE_METHOD_MATCH = YES;
				"CODE_SIGN_IDENTITY[sdk=iphoneos*]" = "iPhone Developer";
				COPY_PHASE_STRIP = NO;
				DEBUG_INFORMATION_FORMAT = dwarf;
				ENABLE_STRICT_OBJC_MSGSEND = YES;
				ENABLE_TESTABILITY = YES;
				GCC_C_LANGUAGE_STANDARD = gnu99;
				GCC_DYNAMIC_NO_PIC = NO;
				GCC_NO_COMMON_BLOCKS = YES;
				GCC_OPTIMIZATION_LEVEL = 0;
				GCC_PREPROCESSOR_DEFINITIONS = (
					"DEBUG=1",
					"$(inherited)",
				);
				GCC_WARN_64_TO_32_BIT_CONVERSION = YES;
				GCC_WARN_ABOUT_RETURN_TYPE = YES_ERROR;
				GCC_WARN_UNDECLARED_SELECTOR = YES;
				GCC_WARN_UNINITIALIZED_AUTOS = YES_AGGRESSIVE;
				GCC_WARN_UNUSED_FUNCTION = YES;
				GCC_WARN_UNUSED_VARIABLE = YES;
				IPHONEOS_DEPLOYMENT_TARGET = 9.3;
				MTL_ENABLE_DEBUG_INFO = YES;
				ONLY_ACTIVE_ARCH = YES;
				SDKROOT = iphoneos;
				SWIFT_ACTIVE_COMPILATION_CONDITIONS = DEBUG;
				SWIFT_OPTIMIZATION_LEVEL = "-Onone";
				TARGETED_DEVICE_FAMILY = "1,2";
			};
			name = Debug;
		};
		CE88C81E1DD71F6900DE8362 /* Release */ = {
			isa = XCBuildConfiguration;
			buildSettings = {
				ALWAYS_SEARCH_USER_PATHS = NO;
				CLANG_ANALYZER_NONNULL = YES;
				CLANG_CXX_LANGUAGE_STANDARD = "gnu++0x";
				CLANG_CXX_LIBRARY = "libc++";
				CLANG_ENABLE_MODULES = YES;
				CLANG_ENABLE_OBJC_ARC = YES;
				CLANG_WARN_BOOL_CONVERSION = YES;
				CLANG_WARN_CONSTANT_CONVERSION = YES;
				CLANG_WARN_DIRECT_OBJC_ISA_USAGE = YES_ERROR;
				CLANG_WARN_DOCUMENTATION_COMMENTS = YES;
				CLANG_WARN_EMPTY_BODY = YES;
				CLANG_WARN_ENUM_CONVERSION = YES;
				CLANG_WARN_INFINITE_RECURSION = YES;
				CLANG_WARN_INT_CONVERSION = YES;
				CLANG_WARN_OBJC_ROOT_CLASS = YES_ERROR;
				CLANG_WARN_SUSPICIOUS_MOVE = YES;
				CLANG_WARN_UNREACHABLE_CODE = YES;
				CLANG_WARN__DUPLICATE_METHOD_MATCH = YES;
				"CODE_SIGN_IDENTITY[sdk=iphoneos*]" = "iPhone Developer";
				COPY_PHASE_STRIP = NO;
				DEBUG_INFORMATION_FORMAT = "dwarf-with-dsym";
				ENABLE_NS_ASSERTIONS = NO;
				ENABLE_STRICT_OBJC_MSGSEND = YES;
				GCC_C_LANGUAGE_STANDARD = gnu99;
				GCC_NO_COMMON_BLOCKS = YES;
				GCC_WARN_64_TO_32_BIT_CONVERSION = YES;
				GCC_WARN_ABOUT_RETURN_TYPE = YES_ERROR;
				GCC_WARN_UNDECLARED_SELECTOR = YES;
				GCC_WARN_UNINITIALIZED_AUTOS = YES_AGGRESSIVE;
				GCC_WARN_UNUSED_FUNCTION = YES;
				GCC_WARN_UNUSED_VARIABLE = YES;
				IPHONEOS_DEPLOYMENT_TARGET = 9.3;
				MTL_ENABLE_DEBUG_INFO = NO;
				SDKROOT = iphoneos;
				SWIFT_OPTIMIZATION_LEVEL = "-Owholemodule";
				TARGETED_DEVICE_FAMILY = "1,2";
				VALIDATE_PRODUCT = YES;
			};
			name = Release;
		};
		CE88C8201DD71F6900DE8362 /* Debug */ = {
			isa = XCBuildConfiguration;
			buildSettings = {
				ASSETCATALOG_COMPILER_APPICON_NAME = AppIcon;
				INFOPLIST_FILE = AGNewsApi/Info.plist;
				IPHONEOS_DEPLOYMENT_TARGET = 9.3;
				LD_RUNPATH_SEARCH_PATHS = "$(inherited) @executable_path/Frameworks";
				PRODUCT_BUNDLE_IDENTIFIER = AG.AGNewsApi;
				PRODUCT_NAME = "$(TARGET_NAME)";
				SWIFT_VERSION = 3.0;
			};
			name = Debug;
		};
		CE88C8211DD71F6900DE8362 /* Release */ = {
			isa = XCBuildConfiguration;
			buildSettings = {
				ASSETCATALOG_COMPILER_APPICON_NAME = AppIcon;
				INFOPLIST_FILE = AGNewsApi/Info.plist;
				IPHONEOS_DEPLOYMENT_TARGET = 9.3;
				LD_RUNPATH_SEARCH_PATHS = "$(inherited) @executable_path/Frameworks";
				PRODUCT_BUNDLE_IDENTIFIER = AG.AGNewsApi;
				PRODUCT_NAME = "$(TARGET_NAME)";
				SWIFT_VERSION = 3.0;
			};
			name = Release;
		};
/* End XCBuildConfiguration section */

/* Begin XCConfigurationList section */
		CE88C8081DD71F6700DE8362 /* Build configuration list for PBXProject "AGNewsApi" */ = {
			isa = XCConfigurationList;
			buildConfigurations = (
				CE88C81D1DD71F6900DE8362 /* Debug */,
				CE88C81E1DD71F6900DE8362 /* Release */,
			);
			defaultConfigurationIsVisible = 0;
			defaultConfigurationName = Release;
		};
		CE88C81F1DD71F6900DE8362 /* Build configuration list for PBXNativeTarget "AGNewsApi" */ = {
			isa = XCConfigurationList;
			buildConfigurations = (
				CE88C8201DD71F6900DE8362 /* Debug */,
				CE88C8211DD71F6900DE8362 /* Release */,
			);
			defaultConfigurationIsVisible = 0;
			defaultConfigurationName = Release;
		};
/* End XCConfigurationList section */
	};
	rootObject = CE88C8051DD71F6700DE8362 /* Project object */;
}
